
Microsoft Visual Studio Solution File, Format Version 12.00
# Visual Studio 2012
Project("{FAE04EC0-301F-11D3-BF4B-00C04F79EFBC}") = "FBConnectionsTracing", "FBConnectionsTracing\FBConnectionsTracing.csproj", "{B547B3ED-435E-4E04-AAE6-D447264F264F}"
EndProject
Global
	GlobalSection(SolutionConfigurationPlatforms) = preSolution
		Debug|Any CPU = Debug|Any CPU
		Release|Any CPU = Release|Any CPU
	EndGlobalSection
	GlobalSection(ProjectConfigurationPlatforms) = postSolution
		{B547B3ED-435E-4E04-AAE6-D447264F264F}.Debug|Any CPU.ActiveCfg = Debug|Any CPU
		{B547B3ED-435E-4E04-AAE6-D447264F264F}.Debug|Any CPU.Build.0 = Debug|Any CPU
		{B547B3ED-435E-4E04-AAE6-D447264F264F}.Release|Any CPU.ActiveCfg = Release|Any CPU
		{B547B3ED-435E-4E04-AAE6-D447264F264F}.Release|Any CPU.Build.0 = Release|Any CPU
	EndGlobalSection
	GlobalSection(SolutionProperties) = preSolution
		HideSolutionNode = FALSE
	EndGlobalSection
EndGlobal
